
Microsoft Visual Studio Solution File, Format Version 12.00
# Visual Studio Version 16
VisualStudioVersion = 16.0.30406.217
MinimumVisualStudioVersion = 10.0.40219.1
Project("{9A19103F-16F7-4668-BE54-9A1E7A4F7556}") = "_build", "..\build\_build.csproj", "{B4EF7CC9-E2BB-4EE2-B699-82D0637066E3}"
EndProject
Project("{FAE04EC0-301F-11D3-BF4B-00C04F79EFBC}") = "LiveLinq.EntityFramework", "LiveLinq.EntityFramework\LiveLinq.EntityFramework.csproj", "{906B0D14-2019-41EE-9E11-A3C38C3913BB}"
EndProject
Global
	GlobalSection(SolutionConfigurationPlatforms) = preSolution
		Debug|Any CPU = Debug|Any CPU
		Release|Any CPU = Release|Any CPU
	EndGlobalSection
	GlobalSection(ProjectConfigurationPlatforms) = postSolution
		{B4EF7CC9-E2BB-4EE2-B699-82D0637066E3}.Debug|Any CPU.ActiveCfg = Debug|Any CPU
		{B4EF7CC9-E2BB-4EE2-B699-82D0637066E3}.Release|Any CPU.ActiveCfg = Release|Any CPU
		{906B0D14-2019-41EE-9E11-A3C38C3913BB}.Debug|Any CPU.ActiveCfg = Debug|Any CPU
		{906B0D14-2019-41EE-9E11-A3C38C3913BB}.Debug|Any CPU.Build.0 = Debug|Any CPU
		{906B0D14-2019-41EE-9E11-A3C38C3913BB}.Release|Any CPU.ActiveCfg = Release|Any CPU
		{906B0D14-2019-41EE-9E11-A3C38C3913BB}.Release|Any CPU.Build.0 = Release|Any CPU
	EndGlobalSection
	GlobalSection(SolutionProperties) = preSolution
		HideSolutionNode = FALSE
	EndGlobalSection
	GlobalSection(ExtensibilityGlobals) = postSolution
		SolutionGuid = {BD1BD846-71A4-4410-814E-F0D19FF62557}
	EndGlobalSection
EndGlobal
